{
  "name": "opentrack-map",
  "version": "0.1.0",
  "lockfileVersion": 3,
  "requires": true,
  "packages": {
    "": {
      "name": "opentrack-map",
      "version": "0.1.0",
      "dependencies": {
        "flatpickr": "^4.6.13",
        "leaflet": "^1.9.4",
        "leaflet.markercluster": "^1.5.3",
        "lucide": "^1.17.0"
      }
    },
    "node_modules/flatpickr": {
      "version": "4.6.13",
      "resolved": "https://registry.npmjs.org/flatpickr/-/flatpickr-4.6.13.tgz",
      "integrity": "sha512-97PMG/aywoYpB4IvbvUJi0RQi8vearvU0oov1WW3k0WZPBMrTQVqekSX5CjSG/M4Q3i6A/0FKXC7RyAoAUUSPw==",
      "license": "MIT"
    },
    "node_modules/leaflet": {
      "version": "1.9.4",
      "resolved": "https://registry.npmjs.org/leaflet/-/leaflet-1.9.4.tgz",
      "integrity": "sha512-nxS1ynzJOmOlHp+iL3FyWqK89GtNL8U8rvlMOsQdTTssxZwCXh8N2NB3GDQOL+YR3XnWyZAxwQixURb+FA74PA==",
      "license": "BSD-2-Clause"
    },
    "node_modules/leaflet.markercluster": {
      "version": "1.5.3",
      "resolved": "https://registry.npmjs.org/leaflet.markercluster/-/leaflet.markercluster-1.5.3.tgz",
      "integrity": "sha512-vPTw/Bndq7eQHjLBVlWpnGeLa3t+3zGiuM7fJwCkiMFq+nmRuG3RI3f7f4N4TDX7T4NpbAXpR2+NTRSEGfCSeA==",
      "license": "MIT",
      "peerDependencies": {
        "leaflet": "^1.3.1"
      }
    },
    "node_modules/lucide": {
      "version": "1.17.0",
      "resolved": "https://registry.npmjs.org/lucide/-/lucide-1.17.0.tgz",
      "integrity": "sha512-icbHK+hG15rWoacjNi3aw+UXHRmZ9Ee1fJ6ZSu7lbC4GOig7evVEXYCfK77FvjQHusPgi0D/QN7zTO+5wZ8PwQ==",
      "license": "ISC"
    }
  }
}
